PODS:
  - boost (1.76.0)
  - CocoaAsyncSocket (7.6.5)
  - DoubleConversion (1.1.6)
  - FBLazyVector (0.0.0-20211227-2008-725bffce5)
  - FBReactNativeSpec (0.0.0-20211227-2008-725bffce5):
    - RCT-Folly (= 2021.06.28.00-v2)
    - RCTRequired (= 0.0.0-20211227-2008-725bffce5)
    - RCTTypeSafety (= 0.0.0-20211227-2008-725bffce5)
    - React-Core (= 0.0.0-20211227-2008-725bffce5)
    - React-jsi (= 0.0.0-20211227-2008-725bffce5)
    - ReactCommon/turbomodule/core (= 0.0.0-20211227-2008-725bffce5)
  - Flipper (0.99.0):
    - Flipper-Folly (~> 2.6)
    - Flipper-RSocket (~> 1.4)
  - Flipper-Boost-iOSX (1.76.0.1.11)
  - Flipper-DoubleConversion (3.1.7)
  - Flipper-Fmt (7.1.7)
  - Flipper-Folly (2.6.7):
    - Flipper-Boost-iOSX
    - Flipper-DoubleConversion
    - Flipper-Fmt (= 7.1.7)
    - Flipper-Glog
    - libevent (~> 2.1.12)
    - OpenSSL-Universal (= 1.1.180)
  - Flipper-Glog (0.3.9)
  - Flipper-PeerTalk (0.0.4)
  - Flipper-RSocket (1.4.3):
    - Flipper-Folly (~> 2.6)
  - FlipperKit (0.99.0):
    - FlipperKit/Core (= 0.99.0)
  - FlipperKit/Core (0.99.0):
    - Flipper (~> 0.99.0)
    - FlipperKit/CppBridge
    - FlipperKit/FBCxxFollyDynamicConvert
    - FlipperKit/FBDefines
    - FlipperKit/FKPortForwarding
  - FlipperKit/CppBridge (0.99.0):
    - Flipper (~> 0.99.0)
  - FlipperKit/FBCxxFollyDynamicConvert (0.99.0):
    - Flipper-Folly (~> 2.6)
  - FlipperKit/FBDefines (0.99.0)
  - FlipperKit/FKPortForwarding (0.99.0):
    - CocoaAsyncSocket (~> 7.6)
    - Flipper-PeerTalk (~> 0.0.4)
  - FlipperKit/FlipperKitHighlightOverlay (0.99.0)
  - FlipperKit/FlipperKitLayoutHelpers (0.99.0):
    - FlipperKit/Core
    - FlipperKit/FlipperKitHighlightOverlay
    - FlipperKit/FlipperKitLayoutTextSearchable
  - FlipperKit/FlipperKitLayoutIOSDescriptors (0.99.0):
    - FlipperKit/Core
    - FlipperKit/FlipperKitHighlightOverlay
    - FlipperKit/FlipperKitLayoutHelpers
    - YogaKit (~> 1.18)
  - FlipperKit/FlipperKitLayoutPlugin (0.99.0):
    - FlipperKit/Core
    - FlipperKit/FlipperKitHighlightOverlay
    - FlipperKit/FlipperKitLayoutHelpers
    - FlipperKit/FlipperKitLayoutIOSDescriptors
    - FlipperKit/FlipperKitLayoutTextSearchable
    - YogaKit (~> 1.18)
  - FlipperKit/FlipperKitLayoutTextSearchable (0.99.0)
  - FlipperKit/FlipperKitNetworkPlugin (0.99.0):
    - FlipperKit/Core
  - FlipperKit/FlipperKitReactPlugin (0.99.0):
    - FlipperKit/Core
  - FlipperKit/FlipperKitUserDefaultsPlugin (0.99.0):
    - FlipperKit/Core
  - FlipperKit/SKIOSNetworkPlugin (0.99.0):
    - FlipperKit/Core
    - FlipperKit/FlipperKitNetworkPlugin
  - fmt (6.2.1)
  - glog (0.3.5)
  - libevent (2.1.12)
  - OpenSSL-Universal (1.1.180)
  - RCT-Folly (2021.06.28.00-v2):
    - boost
    - DoubleConversion
    - fmt (~> 6.2.1)
    - glog
    - RCT-Folly/Default (= 2021.06.28.00-v2)
  - RCT-Folly/Default (2021.06.28.00-v2):
    - boost
    - DoubleConversion
    - fmt (~> 6.2.1)
    - glog
  - RCT-Folly/Fabric (2021.06.28.00-v2):
    - boost
    - DoubleConversion
    - fmt (~> 6.2.1)
    - glog
  - RCTRequired (0.0.0-20211227-2008-725bffce5)
  - RCTTypeSafety (0.0.0-20211227-2008-725bffce5):
    - FBLazyVector (= 0.0.0-20211227-2008-725bffce5)
    - RCT-Folly (= 2021.06.28.00-v2)
    - RCTRequired (= 0.0.0-20211227-2008-725bffce5)
    - React-Core (= 0.0.0-20211227-2008-725bffce5)
  - React (0.0.0-20211227-2008-725bffce5):
    - React-Core (= 0.0.0-20211227-2008-725bffce5)
    - React-Core/DevSupport (= 0.0.0-20211227-2008-725bffce5)
    - React-Core/RCTWebSocket (= 0.0.0-20211227-2008-725bffce5)
    - React-RCTActionSheet (= 0.0.0-20211227-2008-725bffce5)
    - React-RCTAnimation (= 0.0.0-20211227-2008-725bffce5)
    - React-RCTBlob (= 0.0.0-20211227-2008-725bffce5)
    - React-RCTImage (= 0.0.0-20211227-2008-725bffce5)
    - React-RCTLinking (= 0.0.0-20211227-2008-725bffce5)
    - React-RCTNetwork (= 0.0.0-20211227-2008-725bffce5)
    - React-RCTSettings (= 0.0.0-20211227-2008-725bffce5)
    - React-RCTText (= 0.0.0-20211227-2008-725bffce5)
    - React-RCTVibration (= 0.0.0-20211227-2008-725bffce5)
  - React-callinvoker (0.0.0-20211227-2008-725bffce5)
  - React-Codegen (0.0.0-20211227-2008-725bffce5):
    - FBReactNativeSpec (= 0.0.0-20211227-2008-725bffce5)
    - RCT-Folly (= 2021.06.28.00-v2)
    - RCTRequired (= 0.0.0-20211227-2008-725bffce5)
    - RCTTypeSafety (= 0.0.0-20211227-2008-725bffce5)
    - React-Core (= 0.0.0-20211227-2008-725bffce5)
    - React-graphics (= 0.0.0-20211227-2008-725bffce5)
    - React-jsi (= 0.0.0-20211227-2008-725bffce5)
    - React-jsiexecutor (= 0.0.0-20211227-2008-725bffce5)
    - React-rncore (= 0.0.0-20211227-2008-725bffce5)
    - ReactCommon/turbomodule/core (= 0.0.0-20211227-2008-725bffce5)
  - React-Core (0.0.0-20211227-2008-725bffce5):
    - glog
    - RCT-Folly (= 2021.06.28.00-v2)
    - React-Core/Default (= 0.0.0-20211227-2008-725bffce5)
    - React-cxxreact (= 0.0.0-20211227-2008-725bffce5)
    - React-jsi (= 0.0.0-20211227-2008-725bffce5)
    - React-jsiexecutor (= 0.0.0-20211227-2008-725bffce5)
    - React-perflogger (= 0.0.0-20211227-2008-725bffce5)
    - Yoga
  - React-Core/CoreModulesHeaders (0.0.0-20211227-2008-725bffce5):
    - glog
    - RCT-Folly (= 2021.06.28.00-v2)
    - React-Core/Default
    - React-cxxreact (= 0.0.0-20211227-2008-725bffce5)
    - React-jsi (= 0.0.0-20211227-2008-725bffce5)
    - React-jsiexecutor (= 0.0.0-20211227-2008-725bffce5)
    - React-perflogger (= 0.0.0-20211227-2008-725bffce5)
    - Yoga
  - React-Core/Default (0.0.0-20211227-2008-725bffce5):
    - glog
    - RCT-Folly (= 2021.06.28.00-v2)
    - React-cxxreact (= 0.0.0-20211227-2008-725bffce5)
    - React-jsi (= 0.0.0-20211227-2008-725bffce5)
    - React-jsiexecutor (= 0.0.0-20211227-2008-725bffce5)
    - React-perflogger (= 0.0.0-20211227-2008-725bffce5)
    - Yoga
  - React-Core/DevSupport (0.0.0-20211227-2008-725bffce5):
    - glog
    - RCT-Folly (= 2021.06.28.00-v2)
    - React-Core/Default (= 0.0.0-20211227-2008-725bffce5)
    - React-Core/RCTWebSocket (= 0.0.0-20211227-2008-725bffce5)
    - React-cxxreact (= 0.0.0-20211227-2008-725bffce5)
    - React-jsi (= 0.0.0-20211227-2008-725bffce5)
    - React-jsiexecutor (= 0.0.0-20211227-2008-725bffce5)
    - React-jsinspector (= 0.0.0-20211227-2008-725bffce5)
    - React-perflogger (= 0.0.0-20211227-2008-725bffce5)
    - Yoga
  - React-Core/RCTActionSheetHeaders (0.0.0-20211227-2008-725bffce5):
    - glog
    - RCT-Folly (= 2021.06.28.00-v2)
    - React-Core/Default
    - React-cxxreact (= 0.0.0-20211227-2008-725bffce5)
    - React-jsi (= 0.0.0-20211227-2008-725bffce5)
    - React-jsiexecutor (= 0.0.0-20211227-2008-725bffce5)
    - React-perflogger (= 0.0.0-20211227-2008-725bffce5)
    - Yoga
  - React-Core/RCTAnimationHeaders (0.0.0-20211227-2008-725bffce5):
    - glog
    - RCT-Folly (= 2021.06.28.00-v2)
    - React-Core/Default
    - React-cxxreact (= 0.0.0-20211227-2008-725bffce5)
    - React-jsi (= 0.0.0-20211227-2008-725bffce5)
    - React-jsiexecutor (= 0.0.0-20211227-2008-725bffce5)
    - React-perflogger (= 0.0.0-20211227-2008-725bffce5)
    - Yoga
  - React-Core/RCTBlobHeaders (0.0.0-20211227-2008-725bffce5):
    - glog
    - RCT-Folly (= 2021.06.28.00-v2)
    - React-Core/Default
    - React-cxxreact (= 0.0.0-20211227-2008-725bffce5)
    - React-jsi (= 0.0.0-20211227-2008-725bffce5)
    - React-jsiexecutor (= 0.0.0-20211227-2008-725bffce5)
    - React-perflogger (= 0.0.0-20211227-2008-725bffce5)
    - Yoga
  - React-Core/RCTImageHeaders (0.0.0-20211227-2008-725bffce5):
    - glog
    - RCT-Folly (= 2021.06.28.00-v2)
    - React-Core/Default
    - React-cxxreact (= 0.0.0-20211227-2008-725bffce5)
    - React-jsi (= 0.0.0-20211227-2008-725bffce5)
    - React-jsiexecutor (= 0.0.0-20211227-2008-725bffce5)
    - React-perflogger (= 0.0.0-20211227-2008-725bffce5)
    - Yoga
  - React-Core/RCTLinkingHeaders (0.0.0-20211227-2008-725bffce5):
    - glog
    - RCT-Folly (= 2021.06.28.00-v2)
    - React-Core/Default
    - React-cxxreact (= 0.0.0-20211227-2008-725bffce5)
    - React-jsi (= 0.0.0-20211227-2008-725bffce5)
    - React-jsiexecutor (= 0.0.0-20211227-2008-725bffce5)
    - React-perflogger (= 0.0.0-20211227-2008-725bffce5)
    - Yoga
  - React-Core/RCTNetworkHeaders (0.0.0-20211227-2008-725bffce5):
    - glog
    - RCT-Folly (= 2021.06.28.00-v2)
    - React-Core/Default
    - React-cxxreact (= 0.0.0-20211227-2008-725bffce5)
    - React-jsi (= 0.0.0-20211227-2008-725bffce5)
    - React-jsiexecutor (= 0.0.0-20211227-2008-725bffce5)
    - React-perflogger (= 0.0.0-20211227-2008-725bffce5)
    - Yoga
  - React-Core/RCTSettingsHeaders (0.0.0-20211227-2008-725bffce5):
    - glog
    - RCT-Folly (= 2021.06.28.00-v2)
    - React-Core/Default
    - React-cxxreact (= 0.0.0-20211227-2008-725bffce5)
    - React-jsi (= 0.0.0-20211227-2008-725bffce5)
    - React-jsiexecutor (= 0.0.0-20211227-2008-725bffce5)
    - React-perflogger (= 0.0.0-20211227-2008-725bffce5)
    - Yoga
  - React-Core/RCTTextHeaders (0.0.0-20211227-2008-725bffce5):
    - glog
    - RCT-Folly (= 2021.06.28.00-v2)
    - React-Core/Default
    - React-cxxreact (= 0.0.0-20211227-2008-725bffce5)
    - React-jsi (= 0.0.0-20211227-2008-725bffce5)
    - React-jsiexecutor (= 0.0.0-20211227-2008-725bffce5)
    - React-perflogger (= 0.0.0-20211227-2008-725bffce5)
    - Yoga
  - React-Core/RCTVibrationHeaders (0.0.0-20211227-2008-725bffce5):
    - glog
    - RCT-Folly (= 2021.06.28.00-v2)
    - React-Core/Default
    - React-cxxreact (= 0.0.0-20211227-2008-725bffce5)
    - React-jsi (= 0.0.0-20211227-2008-725bffce5)
    - React-jsiexecutor (= 0.0.0-20211227-2008-725bffce5)
    - React-perflogger (= 0.0.0-20211227-2008-725bffce5)
    - Yoga
  - React-Core/RCTWebSocket (0.0.0-20211227-2008-725bffce5):
    - glog
    - RCT-Folly (= 2021.06.28.00-v2)
    - React-Core/Default (= 0.0.0-20211227-2008-725bffce5)
    - React-cxxreact (= 0.0.0-20211227-2008-725bffce5)
    - React-jsi (= 0.0.0-20211227-2008-725bffce5)
    - React-jsiexecutor (= 0.0.0-20211227-2008-725bffce5)
    - React-perflogger (= 0.0.0-20211227-2008-725bffce5)
    - Yoga
  - React-CoreModules (0.0.0-20211227-2008-725bffce5):
    - RCT-Folly (= 2021.06.28.00-v2)
    - RCTTypeSafety (= 0.0.0-20211227-2008-725bffce5)
    - React-Codegen (= 0.0.0-20211227-2008-725bffce5)
    - React-Core/CoreModulesHeaders (= 0.0.0-20211227-2008-725bffce5)
    - React-jsi (= 0.0.0-20211227-2008-725bffce5)
    - React-RCTImage (= 0.0.0-20211227-2008-725bffce5)
    - ReactCommon/turbomodule/core (= 0.0.0-20211227-2008-725bffce5)
  - React-cxxreact (0.0.0-20211227-2008-725bffce5):
    - boost (= 1.76.0)
    - DoubleConversion
    - glog
    - RCT-Folly (= 2021.06.28.00-v2)
    - React-callinvoker (= 0.0.0-20211227-2008-725bffce5)
    - React-jsi (= 0.0.0-20211227-2008-725bffce5)
    - React-jsinspector (= 0.0.0-20211227-2008-725bffce5)
    - React-logger (= 0.0.0-20211227-2008-725bffce5)
    - React-perflogger (= 0.0.0-20211227-2008-725bffce5)
    - React-runtimeexecutor (= 0.0.0-20211227-2008-725bffce5)
  - React-Fabric (0.0.0-20211227-2008-725bffce5):
    - RCT-Folly/Fabric (= 2021.06.28.00-v2)
    - RCTRequired (= 0.0.0-20211227-2008-725bffce5)
    - RCTTypeSafety (= 0.0.0-20211227-2008-725bffce5)
    - React-Fabric/animations (= 0.0.0-20211227-2008-725bffce5)
    - React-Fabric/attributedstring (= 0.0.0-20211227-2008-725bffce5)
    - React-Fabric/butter (= 0.0.0-20211227-2008-725bffce5)
    - React-Fabric/componentregistry (= 0.0.0-20211227-2008-725bffce5)
    - React-Fabric/componentregistrynative (= 0.0.0-20211227-2008-725bffce5)
    - React-Fabric/components (= 0.0.0-20211227-2008-725bffce5)
    - React-Fabric/config (= 0.0.0-20211227-2008-725bffce5)
    - React-Fabric/core (= 0.0.0-20211227-2008-725bffce5)
    - React-Fabric/debug_core (= 0.0.0-20211227-2008-725bffce5)
    - React-Fabric/debug_renderer (= 0.0.0-20211227-2008-725bffce5)
    - React-Fabric/imagemanager (= 0.0.0-20211227-2008-725bffce5)
    - React-Fabric/leakchecker (= 0.0.0-20211227-2008-725bffce5)
    - React-Fabric/mounting (= 0.0.0-20211227-2008-725bffce5)
    - React-Fabric/runtimescheduler (= 0.0.0-20211227-2008-725bffce5)
    - React-Fabric/scheduler (= 0.0.0-20211227-2008-725bffce5)
    - React-Fabric/telemetry (= 0.0.0-20211227-2008-725bffce5)
    - React-Fabric/templateprocessor (= 0.0.0-20211227-2008-725bffce5)
    - React-Fabric/textlayoutmanager (= 0.0.0-20211227-2008-725bffce5)
    - React-Fabric/uimanager (= 0.0.0-20211227-2008-725bffce5)
    - React-Fabric/utils (= 0.0.0-20211227-2008-725bffce5)
    - React-graphics (= 0.0.0-20211227-2008-725bffce5)
    - React-jsi (= 0.0.0-20211227-2008-725bffce5)
    - React-jsiexecutor (= 0.0.0-20211227-2008-725bffce5)
    - ReactCommon/turbomodule/core (= 0.0.0-20211227-2008-725bffce5)
  - React-Fabric/animations (0.0.0-20211227-2008-725bffce5):
    - RCT-Folly/Fabric (= 2021.06.28.00-v2)
    - RCTRequired (= 0.0.0-20211227-2008-725bffce5)
    - RCTTypeSafety (= 0.0.0-20211227-2008-725bffce5)
    - React-graphics (= 0.0.0-20211227-2008-725bffce5)
    - React-jsi (= 0.0.0-20211227-2008-725bffce5)
    - React-jsiexecutor (= 0.0.0-20211227-2008-725bffce5)
    - ReactCommon/turbomodule/core (= 0.0.0-20211227-2008-725bffce5)
  - React-Fabric/attributedstring (0.0.0-20211227-2008-725bffce5):
    - RCT-Folly/Fabric (= 2021.06.28.00-v2)
    - RCTRequired (= 0.0.0-20211227-2008-725bffce5)
    - RCTTypeSafety (= 0.0.0-20211227-2008-725bffce5)
    - React-graphics (= 0.0.0-20211227-2008-725bffce5)
    - React-jsi (= 0.0.0-20211227-2008-725bffce5)
    - React-jsiexecutor (= 0.0.0-20211227-2008-725bffce5)
    - ReactCommon/turbomodule/core (= 0.0.0-20211227-2008-725bffce5)
  - React-Fabric/butter (0.0.0-20211227-2008-725bffce5):
    - RCT-Folly/Fabric (= 2021.06.28.00-v2)
    - RCTRequired (= 0.0.0-20211227-2008-725bffce5)
    - RCTTypeSafety (= 0.0.0-20211227-2008-725bffce5)
    - React-graphics (= 0.0.0-20211227-2008-725bffce5)
    - React-jsi (= 0.0.0-20211227-2008-725bffce5)
    - React-jsiexecutor (= 0.0.0-20211227-2008-725bffce5)
    - ReactCommon/turbomodule/core (= 0.0.0-20211227-2008-725bffce5)
  - React-Fabric/componentregistry (0.0.0-20211227-2008-725bffce5):
    - RCT-Folly/Fabric (= 2021.06.28.00-v2)
    - RCTRequired (= 0.0.0-20211227-2008-725bffce5)
    - RCTTypeSafety (= 0.0.0-20211227-2008-725bffce5)
    - React-graphics (= 0.0.0-20211227-2008-725bffce5)
    - React-jsi (= 0.0.0-20211227-2008-725bffce5)
    - React-jsiexecutor (= 0.0.0-20211227-2008-725bffce5)
    - ReactCommon/turbomodule/core (= 0.0.0-20211227-2008-725bffce5)
  - React-Fabric/componentregistrynative (0.0.0-20211227-2008-725bffce5):
    - RCT-Folly/Fabric (= 2021.06.28.00-v2)
    - RCTRequired (= 0.0.0-20211227-2008-725bffce5)
    - RCTTypeSafety (= 0.0.0-20211227-2008-725bffce5)
    - React-graphics (= 0.0.0-20211227-2008-725bffce5)
    - React-jsi (= 0.0.0-20211227-2008-725bffce5)
    - React-jsiexecutor (= 0.0.0-20211227-2008-725bffce5)
    - ReactCommon/turbomodule/core (= 0.0.0-20211227-2008-725bffce5)
  - React-Fabric/components (0.0.0-20211227-2008-725bffce5):
    - RCT-Folly/Fabric (= 2021.06.28.00-v2)
    - RCTRequired (= 0.0.0-20211227-2008-725bffce5)
    - RCTTypeSafety (= 0.0.0-20211227-2008-725bffce5)
    - React-Fabric/components/activityindicator (= 0.0.0-20211227-2008-725bffce5)
    - React-Fabric/components/image (= 0.0.0-20211227-2008-725bffce5)
    - React-Fabric/components/inputaccessory (= 0.0.0-20211227-2008-725bffce5)
    - React-Fabric/components/legacyviewmanagerinterop (= 0.0.0-20211227-2008-725bffce5)
    - React-Fabric/components/modal (= 0.0.0-20211227-2008-725bffce5)
    - React-Fabric/components/root (= 0.0.0-20211227-2008-725bffce5)
    - React-Fabric/components/safeareaview (= 0.0.0-20211227-2008-725bffce5)
    - React-Fabric/components/scrollview (= 0.0.0-20211227-2008-725bffce5)
    - React-Fabric/components/slider (= 0.0.0-20211227-2008-725bffce5)
    - React-Fabric/components/text (= 0.0.0-20211227-2008-725bffce5)
    - React-Fabric/components/textinput (= 0.0.0-20211227-2008-725bffce5)
    - React-Fabric/components/unimplementedview (= 0.0.0-20211227-2008-725bffce5)
    - React-Fabric/components/view (= 0.0.0-20211227-2008-725bffce5)
    - React-graphics (= 0.0.0-20211227-2008-725bffce5)
    - React-jsi (= 0.0.0-20211227-2008-725bffce5)
    - React-jsiexecutor (= 0.0.0-20211227-2008-725bffce5)
    - ReactCommon/turbomodule/core (= 0.0.0-20211227-2008-725bffce5)
  - React-Fabric/components/activityindicator (0.0.0-20211227-2008-725bffce5):
    - RCT-Folly/Fabric (= 2021.06.28.00-v2)
    - RCTRequired (= 0.0.0-20211227-2008-725bffce5)
    - RCTTypeSafety (= 0.0.0-20211227-2008-725bffce5)
    - React-graphics (= 0.0.0-20211227-2008-725bffce5)
    - React-jsi (= 0.0.0-20211227-2008-725bffce5)
    - React-jsiexecutor (= 0.0.0-20211227-2008-725bffce5)
    - ReactCommon/turbomodule/core (= 0.0.0-20211227-2008-725bffce5)
  - React-Fabric/components/image (0.0.0-20211227-2008-725bffce5):
    - RCT-Folly/Fabric (= 2021.06.28.00-v2)
    - RCTRequired (= 0.0.0-20211227-2008-725bffce5)
    - RCTTypeSafety (= 0.0.0-20211227-2008-725bffce5)
    - React-graphics (= 0.0.0-20211227-2008-725bffce5)
    - React-jsi (= 0.0.0-20211227-2008-725bffce5)
    - React-jsiexecutor (= 0.0.0-20211227-2008-725bffce5)
    - ReactCommon/turbomodule/core (= 0.0.0-20211227-2008-725bffce5)
  - React-Fabric/components/inputaccessory (0.0.0-20211227-2008-725bffce5):
    - RCT-Folly/Fabric (= 2021.06.28.00-v2)
    - RCTRequired (= 0.0.0-20211227-2008-725bffce5)
    - RCTTypeSafety (= 0.0.0-20211227-2008-725bffce5)
    - React-graphics (= 0.0.0-20211227-2008-725bffce5)
    - React-jsi (= 0.0.0-20211227-2008-725bffce5)
    - React-jsiexecutor (= 0.0.0-20211227-2008-725bffce5)
    - ReactCommon/turbomodule/core (= 0.0.0-20211227-2008-725bffce5)
  - React-Fabric/components/legacyviewmanagerinterop (0.0.0-20211227-2008-725bffce5):
    - RCT-Folly/Fabric (= 2021.06.28.00-v2)
    - RCTRequired (= 0.0.0-20211227-2008-725bffce5)
    - RCTTypeSafety (= 0.0.0-20211227-2008-725bffce5)
    - React-graphics (= 0.0.0-20211227-2008-725bffce5)
    - React-jsi (= 0.0.0-20211227-2008-725bffce5)
    - React-jsiexecutor (= 0.0.0-20211227-2008-725bffce5)
    - ReactCommon/turbomodule/core (= 0.0.0-20211227-2008-725bffce5)
  - React-Fabric/components/modal (0.0.0-20211227-2008-725bffce5):
    - RCT-Folly/Fabric (= 2021.06.28.00-v2)
    - RCTRequired (= 0.0.0-20211227-2008-725bffce5)
    - RCTTypeSafety (= 0.0.0-20211227-2008-725bffce5)
    - React-graphics (= 0.0.0-20211227-2008-725bffce5)
    - React-jsi (= 0.0.0-20211227-2008-725bffce5)
    - React-jsiexecutor (= 0.0.0-20211227-2008-725bffce5)
    - ReactCommon/turbomodule/core (= 0.0.0-20211227-2008-725bffce5)
  - React-Fabric/components/root (0.0.0-20211227-2008-725bffce5):
    - RCT-Folly/Fabric (= 2021.06.28.00-v2)
    - RCTRequired (= 0.0.0-20211227-2008-725bffce5)
    - RCTTypeSafety (= 0.0.0-20211227-2008-725bffce5)
    - React-graphics (= 0.0.0-20211227-2008-725bffce5)
    - React-jsi (= 0.0.0-20211227-2008-725bffce5)
    - React-jsiexecutor (= 0.0.0-20211227-2008-725bffce5)
    - ReactCommon/turbomodule/core (= 0.0.0-20211227-2008-725bffce5)
  - React-Fabric/components/safeareaview (0.0.0-20211227-2008-725bffce5):
    - RCT-Folly/Fabric (= 2021.06.28.00-v2)
    - RCTRequired (= 0.0.0-20211227-2008-725bffce5)
    - RCTTypeSafety (= 0.0.0-20211227-2008-725bffce5)
    - React-graphics (= 0.0.0-20211227-2008-725bffce5)
    - React-jsi (= 0.0.0-20211227-2008-725bffce5)
    - React-jsiexecutor (= 0.0.0-20211227-2008-725bffce5)
    - ReactCommon/turbomodule/core (= 0.0.0-20211227-2008-725bffce5)
  - React-Fabric/components/scrollview (0.0.0-20211227-2008-725bffce5):
    - RCT-Folly/Fabric (= 2021.06.28.00-v2)
    - RCTRequired (= 0.0.0-20211227-2008-725bffce5)
    - RCTTypeSafety (= 0.0.0-20211227-2008-725bffce5)
    - React-graphics (= 0.0.0-20211227-2008-725bffce5)
    - React-jsi (= 0.0.0-20211227-2008-725bffce5)
    - React-jsiexecutor (= 0.0.0-20211227-2008-725bffce5)
    - ReactCommon/turbomodule/core (= 0.0.0-20211227-2008-725bffce5)
  - React-Fabric/components/slider (0.0.0-20211227-2008-725bffce5):
    - RCT-Folly/Fabric (= 2021.06.28.00-v2)
    - RCTRequired (= 0.0.0-20211227-2008-725bffce5)
    - RCTTypeSafety (= 0.0.0-20211227-2008-725bffce5)
    - React-graphics (= 0.0.0-20211227-2008-725bffce5)
    - React-jsi (= 0.0.0-20211227-2008-725bffce5)
    - React-jsiexecutor (= 0.0.0-20211227-2008-725bffce5)
    - ReactCommon/turbomodule/core (= 0.0.0-20211227-2008-725bffce5)
  - React-Fabric/components/text (0.0.0-20211227-2008-725bffce5):
    - RCT-Folly/Fabric (= 2021.06.28.00-v2)
    - RCTRequired (= 0.0.0-20211227-2008-725bffce5)
    - RCTTypeSafety (= 0.0.0-20211227-2008-725bffce5)
    - React-graphics (= 0.0.0-20211227-2008-725bffce5)
    - React-jsi (= 0.0.0-20211227-2008-725bffce5)
    - React-jsiexecutor (= 0.0.0-20211227-2008-725bffce5)
    - ReactCommon/turbomodule/core (= 0.0.0-20211227-2008-725bffce5)
  - React-Fabric/components/textinput (0.0.0-20211227-2008-725bffce5):
    - RCT-Folly/Fabric (= 2021.06.28.00-v2)
    - RCTRequired (= 0.0.0-20211227-2008-725bffce5)
    - RCTTypeSafety (= 0.0.0-20211227-2008-725bffce5)
    - React-graphics (= 0.0.0-20211227-2008-725bffce5)
    - React-jsi (= 0.0.0-20211227-2008-725bffce5)
    - React-jsiexecutor (= 0.0.0-20211227-2008-725bffce5)
    - ReactCommon/turbomodule/core (= 0.0.0-20211227-2008-725bffce5)
  - React-Fabric/components/unimplementedview (0.0.0-20211227-2008-725bffce5):
    - RCT-Folly/Fabric (= 2021.06.28.00-v2)
    - RCTRequired (= 0.0.0-20211227-2008-725bffce5)
    - RCTTypeSafety (= 0.0.0-20211227-2008-725bffce5)
    - React-graphics (= 0.0.0-20211227-2008-725bffce5)
    - React-jsi (= 0.0.0-20211227-2008-725bffce5)
    - React-jsiexecutor (= 0.0.0-20211227-2008-725bffce5)
    - ReactCommon/turbomodule/core (= 0.0.0-20211227-2008-725bffce5)
  - React-Fabric/components/view (0.0.0-20211227-2008-725bffce5):
    - RCT-Folly/Fabric (= 2021.06.28.00-v2)
    - RCTRequired (= 0.0.0-20211227-2008-725bffce5)
    - RCTTypeSafety (= 0.0.0-20211227-2008-725bffce5)
    - React-graphics (= 0.0.0-20211227-2008-725bffce5)
    - React-jsi (= 0.0.0-20211227-2008-725bffce5)
    - React-jsiexecutor (= 0.0.0-20211227-2008-725bffce5)
    - ReactCommon/turbomodule/core (= 0.0.0-20211227-2008-725bffce5)
    - Yoga
  - React-Fabric/config (0.0.0-20211227-2008-725bffce5):
    - RCT-Folly/Fabric (= 2021.06.28.00-v2)
    - RCTRequired (= 0.0.0-20211227-2008-725bffce5)
    - RCTTypeSafety (= 0.0.0-20211227-2008-725bffce5)
    - React-graphics (= 0.0.0-20211227-2008-725bffce5)
    - React-jsi (= 0.0.0-20211227-2008-725bffce5)
    - React-jsiexecutor (= 0.0.0-20211227-2008-725bffce5)
    - ReactCommon/turbomodule/core (= 0.0.0-20211227-2008-725bffce5)
  - React-Fabric/core (0.0.0-20211227-2008-725bffce5):
    - RCT-Folly/Fabric (= 2021.06.28.00-v2)
    - RCTRequired (= 0.0.0-20211227-2008-725bffce5)
    - RCTTypeSafety (= 0.0.0-20211227-2008-725bffce5)
    - React-graphics (= 0.0.0-20211227-2008-725bffce5)
    - React-jsi (= 0.0.0-20211227-2008-725bffce5)
    - React-jsiexecutor (= 0.0.0-20211227-2008-725bffce5)
    - ReactCommon/turbomodule/core (= 0.0.0-20211227-2008-725bffce5)
  - React-Fabric/debug_core (0.0.0-20211227-2008-725bffce5):
    - RCT-Folly/Fabric (= 2021.06.28.00-v2)
    - RCTRequired (= 0.0.0-20211227-2008-725bffce5)
    - RCTTypeSafety (= 0.0.0-20211227-2008-725bffce5)
    - React-graphics (= 0.0.0-20211227-2008-725bffce5)
    - React-jsi (= 0.0.0-20211227-2008-725bffce5)
    - React-jsiexecutor (= 0.0.0-20211227-2008-725bffce5)
    - ReactCommon/turbomodule/core (= 0.0.0-20211227-2008-725bffce5)
  - React-Fabric/debug_renderer (0.0.0-20211227-2008-725bffce5):
    - RCT-Folly/Fabric (= 2021.06.28.00-v2)
    - RCTRequired (= 0.0.0-20211227-2008-725bffce5)
    - RCTTypeSafety (= 0.0.0-20211227-2008-725bffce5)
    - React-graphics (= 0.0.0-20211227-2008-725bffce5)
    - React-jsi (= 0.0.0-20211227-2008-725bffce5)
    - React-jsiexecutor (= 0.0.0-20211227-2008-725bffce5)
    - ReactCommon/turbomodule/core (= 0.0.0-20211227-2008-725bffce5)
  - React-Fabric/imagemanager (0.0.0-20211227-2008-725bffce5):
    - RCT-Folly/Fabric (= 2021.06.28.00-v2)
    - RCTRequired (= 0.0.0-20211227-2008-725bffce5)
    - RCTTypeSafety (= 0.0.0-20211227-2008-725bffce5)
    - React-graphics (= 0.0.0-20211227-2008-725bffce5)
    - React-jsi (= 0.0.0-20211227-2008-725bffce5)
    - React-jsiexecutor (= 0.0.0-20211227-2008-725bffce5)
    - React-RCTImage (= 0.0.0-20211227-2008-725bffce5)
    - ReactCommon/turbomodule/core (= 0.0.0-20211227-2008-725bffce5)
  - React-Fabric/leakchecker (0.0.0-20211227-2008-725bffce5):
    - RCT-Folly/Fabric (= 2021.06.28.00-v2)
    - RCTRequired (= 0.0.0-20211227-2008-725bffce5)
    - RCTTypeSafety (= 0.0.0-20211227-2008-725bffce5)
    - React-graphics (= 0.0.0-20211227-2008-725bffce5)
    - React-jsi (= 0.0.0-20211227-2008-725bffce5)
    - React-jsiexecutor (= 0.0.0-20211227-2008-725bffce5)
    - ReactCommon/turbomodule/core (= 0.0.0-20211227-2008-725bffce5)
  - React-Fabric/mounting (0.0.0-20211227-2008-725bffce5):
    - RCT-Folly/Fabric (= 2021.06.28.00-v2)
    - RCTRequired (= 0.0.0-20211227-2008-725bffce5)
    - RCTTypeSafety (= 0.0.0-20211227-2008-725bffce5)
    - React-graphics (= 0.0.0-20211227-2008-725bffce5)
    - React-jsi (= 0.0.0-20211227-2008-725bffce5)
    - React-jsiexecutor (= 0.0.0-20211227-2008-725bffce5)
    - ReactCommon/turbomodule/core (= 0.0.0-20211227-2008-725bffce5)
  - React-Fabric/runtimescheduler (0.0.0-20211227-2008-725bffce5):
    - RCT-Folly/Fabric (= 2021.06.28.00-v2)
    - RCTRequired (= 0.0.0-20211227-2008-725bffce5)
    - RCTTypeSafety (= 0.0.0-20211227-2008-725bffce5)
    - React-graphics (= 0.0.0-20211227-2008-725bffce5)
    - React-jsi (= 0.0.0-20211227-2008-725bffce5)
    - React-jsiexecutor (= 0.0.0-20211227-2008-725bffce5)
    - ReactCommon/turbomodule/core (= 0.0.0-20211227-2008-725bffce5)
  - React-Fabric/scheduler (0.0.0-20211227-2008-725bffce5):
    - RCT-Folly/Fabric (= 2021.06.28.00-v2)
    - RCTRequired (= 0.0.0-20211227-2008-725bffce5)
    - RCTTypeSafety (= 0.0.0-20211227-2008-725bffce5)
    - React-graphics (= 0.0.0-20211227-2008-725bffce5)
    - React-jsi (= 0.0.0-20211227-2008-725bffce5)
    - React-jsiexecutor (= 0.0.0-20211227-2008-725bffce5)
    - ReactCommon/turbomodule/core (= 0.0.0-20211227-2008-725bffce5)
  - React-Fabric/telemetry (0.0.0-20211227-2008-725bffce5):
    - RCT-Folly/Fabric (= 2021.06.28.00-v2)
    - RCTRequired (= 0.0.0-20211227-2008-725bffce5)
    - RCTTypeSafety (= 0.0.0-20211227-2008-725bffce5)
    - React-graphics (= 0.0.0-20211227-2008-725bffce5)
    - React-jsi (= 0.0.0-20211227-2008-725bffce5)
    - React-jsiexecutor (= 0.0.0-20211227-2008-725bffce5)
    - ReactCommon/turbomodule/core (= 0.0.0-20211227-2008-725bffce5)
  - React-Fabric/templateprocessor (0.0.0-20211227-2008-725bffce5):
    - RCT-Folly/Fabric (= 2021.06.28.00-v2)
    - RCTRequired (= 0.0.0-20211227-2008-725bffce5)
    - RCTTypeSafety (= 0.0.0-20211227-2008-725bffce5)
    - React-graphics (= 0.0.0-20211227-2008-725bffce5)
    - React-jsi (= 0.0.0-20211227-2008-725bffce5)
    - React-jsiexecutor (= 0.0.0-20211227-2008-725bffce5)
    - ReactCommon/turbomodule/core (= 0.0.0-20211227-2008-725bffce5)
  - React-Fabric/textlayoutmanager (0.0.0-20211227-2008-725bffce5):
    - RCT-Folly/Fabric (= 2021.06.28.00-v2)
    - RCTRequired (= 0.0.0-20211227-2008-725bffce5)
    - RCTTypeSafety (= 0.0.0-20211227-2008-725bffce5)
    - React-Fabric/uimanager
    - React-graphics (= 0.0.0-20211227-2008-725bffce5)
    - React-jsi (= 0.0.0-20211227-2008-725bffce5)
    - React-jsiexecutor (= 0.0.0-20211227-2008-725bffce5)
    - ReactCommon/turbomodule/core (= 0.0.0-20211227-2008-725bffce5)
  - React-Fabric/uimanager (0.0.0-20211227-2008-725bffce5):
    - RCT-Folly/Fabric (= 2021.06.28.00-v2)
    - RCTRequired (= 0.0.0-20211227-2008-725bffce5)
    - RCTTypeSafety (= 0.0.0-20211227-2008-725bffce5)
    - React-graphics (= 0.0.0-20211227-2008-725bffce5)
    - React-jsi (= 0.0.0-20211227-2008-725bffce5)
    - React-jsiexecutor (= 0.0.0-20211227-2008-725bffce5)
    - ReactCommon/turbomodule/core (= 0.0.0-20211227-2008-725bffce5)
  - React-Fabric/utils (0.0.0-20211227-2008-725bffce5):
    - RCT-Folly/Fabric (= 2021.06.28.00-v2)
    - RCTRequired (= 0.0.0-20211227-2008-725bffce5)
    - RCTTypeSafety (= 0.0.0-20211227-2008-725bffce5)
    - React-graphics (= 0.0.0-20211227-2008-725bffce5)
    - React-jsi (= 0.0.0-20211227-2008-725bffce5)
    - React-jsiexecutor (= 0.0.0-20211227-2008-725bffce5)
    - ReactCommon/turbomodule/core (= 0.0.0-20211227-2008-725bffce5)
  - React-graphics (0.0.0-20211227-2008-725bffce5):
    - RCT-Folly/Fabric (= 2021.06.28.00-v2)
    - React-Core/Default (= 0.0.0-20211227-2008-725bffce5)
  - React-jsi (0.0.0-20211227-2008-725bffce5):
    - boost (= 1.76.0)
    - DoubleConversion
    - glog
    - RCT-Folly (= 2021.06.28.00-v2)
    - React-jsi/Default (= 0.0.0-20211227-2008-725bffce5)
  - React-jsi/Default (0.0.0-20211227-2008-725bffce5):
    - boost (= 1.76.0)
    - DoubleConversion
    - glog
    - RCT-Folly (= 2021.06.28.00-v2)
  - React-jsi/Fabric (0.0.0-20211227-2008-725bffce5):
    - boost (= 1.76.0)
    - DoubleConversion
    - glog
    - RCT-Folly (= 2021.06.28.00-v2)
  - React-jsiexecutor (0.0.0-20211227-2008-725bffce5):
    - DoubleConversion
    - glog
    - RCT-Folly (= 2021.06.28.00-v2)
    - React-cxxreact (= 0.0.0-20211227-2008-725bffce5)
    - React-jsi (= 0.0.0-20211227-2008-725bffce5)
    - React-perflogger (= 0.0.0-20211227-2008-725bffce5)
  - React-jsinspector (0.0.0-20211227-2008-725bffce5)
  - React-logger (0.0.0-20211227-2008-725bffce5):
    - glog
  - React-perflogger (0.0.0-20211227-2008-725bffce5)
  - React-RCTActionSheet (0.0.0-20211227-2008-725bffce5):
    - React-Core/RCTActionSheetHeaders (= 0.0.0-20211227-2008-725bffce5)
  - React-RCTAnimation (0.0.0-20211227-2008-725bffce5):
    - RCT-Folly (= 2021.06.28.00-v2)
    - RCTTypeSafety (= 0.0.0-20211227-2008-725bffce5)
    - React-Codegen (= 0.0.0-20211227-2008-725bffce5)
    - React-Core/RCTAnimationHeaders (= 0.0.0-20211227-2008-725bffce5)
    - React-jsi (= 0.0.0-20211227-2008-725bffce5)
    - ReactCommon/turbomodule/core (= 0.0.0-20211227-2008-725bffce5)
  - React-RCTBlob (0.0.0-20211227-2008-725bffce5):
    - RCT-Folly (= 2021.06.28.00-v2)
    - React-Codegen (= 0.0.0-20211227-2008-725bffce5)
    - React-Core/RCTBlobHeaders (= 0.0.0-20211227-2008-725bffce5)
    - React-Core/RCTWebSocket (= 0.0.0-20211227-2008-725bffce5)
    - React-jsi (= 0.0.0-20211227-2008-725bffce5)
    - React-RCTNetwork (= 0.0.0-20211227-2008-725bffce5)
    - ReactCommon/turbomodule/core (= 0.0.0-20211227-2008-725bffce5)
  - React-RCTFabric (0.0.0-20211227-2008-725bffce5):
    - RCT-Folly/Fabric (= 2021.06.28.00-v2)
    - React-Core (= 0.0.0-20211227-2008-725bffce5)
    - React-Fabric (= 0.0.0-20211227-2008-725bffce5)
    - React-RCTImage (= 0.0.0-20211227-2008-725bffce5)
  - React-RCTImage (0.0.0-20211227-2008-725bffce5):
    - RCT-Folly (= 2021.06.28.00-v2)
    - RCTTypeSafety (= 0.0.0-20211227-2008-725bffce5)
    - React-Codegen (= 0.0.0-20211227-2008-725bffce5)
    - React-Core/RCTImageHeaders (= 0.0.0-20211227-2008-725bffce5)
    - React-jsi (= 0.0.0-20211227-2008-725bffce5)
    - React-RCTNetwork (= 0.0.0-20211227-2008-725bffce5)
    - ReactCommon/turbomodule/core (= 0.0.0-20211227-2008-725bffce5)
  - React-RCTLinking (0.0.0-20211227-2008-725bffce5):
    - React-Codegen (= 0.0.0-20211227-2008-725bffce5)
    - React-Core/RCTLinkingHeaders (= 0.0.0-20211227-2008-725bffce5)
    - React-jsi (= 0.0.0-20211227-2008-725bffce5)
    - ReactCommon/turbomodule/core (= 0.0.0-20211227-2008-725bffce5)
  - React-RCTNetwork (0.0.0-20211227-2008-725bffce5):
    - RCT-Folly (= 2021.06.28.00-v2)
    - RCTTypeSafety (= 0.0.0-20211227-2008-725bffce5)
    - React-Codegen (= 0.0.0-20211227-2008-725bffce5)
    - React-Core/RCTNetworkHeaders (= 0.0.0-20211227-2008-725bffce5)
    - React-jsi (= 0.0.0-20211227-2008-725bffce5)
    - ReactCommon/turbomodule/core (= 0.0.0-20211227-2008-725bffce5)
  - React-RCTSettings (0.0.0-20211227-2008-725bffce5):
    - RCT-Folly (= 2021.06.28.00-v2)
    - RCTTypeSafety (= 0.0.0-20211227-2008-725bffce5)
    - React-Codegen (= 0.0.0-20211227-2008-725bffce5)
    - React-Core/RCTSettingsHeaders (= 0.0.0-20211227-2008-725bffce5)
    - React-jsi (= 0.0.0-20211227-2008-725bffce5)
    - ReactCommon/turbomodule/core (= 0.0.0-20211227-2008-725bffce5)
  - React-RCTText (0.0.0-20211227-2008-725bffce5):
    - React-Core/RCTTextHeaders (= 0.0.0-20211227-2008-725bffce5)
  - React-RCTVibration (0.0.0-20211227-2008-725bffce5):
    - RCT-Folly (= 2021.06.28.00-v2)
    - React-Codegen (= 0.0.0-20211227-2008-725bffce5)
    - React-Core/RCTVibrationHeaders (= 0.0.0-20211227-2008-725bffce5)
    - React-jsi (= 0.0.0-20211227-2008-725bffce5)
    - ReactCommon/turbomodule/core (= 0.0.0-20211227-2008-725bffce5)
  - React-rncore (0.0.0-20211227-2008-725bffce5)
  - React-runtimeexecutor (0.0.0-20211227-2008-725bffce5):
    - React-jsi (= 0.0.0-20211227-2008-725bffce5)
  - ReactCommon/turbomodule/core (0.0.0-20211227-2008-725bffce5):
    - DoubleConversion
    - glog
    - RCT-Folly (= 2021.06.28.00-v2)
    - React-callinvoker (= 0.0.0-20211227-2008-725bffce5)
    - React-Core (= 0.0.0-20211227-2008-725bffce5)
    - React-cxxreact (= 0.0.0-20211227-2008-725bffce5)
    - React-jsi (= 0.0.0-20211227-2008-725bffce5)
    - React-logger (= 0.0.0-20211227-2008-725bffce5)
    - React-perflogger (= 0.0.0-20211227-2008-725bffce5)
  - Yoga (1.14.0)
  - YogaKit (1.18.1):
    - Yoga (~> 1.14)

DEPENDENCIES:
  - boost (from `../node_modules/react-native/third-party-podspecs/boost.podspec`)
  - DoubleConversion (from `../node_modules/react-native/third-party-podspecs/DoubleConversion.podspec`)
  - FBLazyVector (from `../node_modules/react-native/Libraries/FBLazyVector`)
  - FBReactNativeSpec (from `../node_modules/react-native/React/FBReactNativeSpec`)
  - Flipper (= 0.99.0)
  - Flipper-Boost-iOSX (= 1.76.0.1.11)
  - Flipper-DoubleConversion (= 3.1.7)
  - Flipper-Fmt (= 7.1.7)
  - Flipper-Folly (= 2.6.7)
  - Flipper-Glog (= 0.3.9)
  - Flipper-PeerTalk (= 0.0.4)
  - Flipper-RSocket (= 1.4.3)
  - FlipperKit (= 0.99.0)
  - FlipperKit/Core (= 0.99.0)
  - FlipperKit/CppBridge (= 0.99.0)
  - FlipperKit/FBCxxFollyDynamicConvert (= 0.99.0)
  - FlipperKit/FBDefines (= 0.99.0)
  - FlipperKit/FKPortForwarding (= 0.99.0)
  - FlipperKit/FlipperKitHighlightOverlay (= 0.99.0)
  - FlipperKit/FlipperKitLayoutPlugin (= 0.99.0)
  - FlipperKit/FlipperKitLayoutTextSearchable (= 0.99.0)
  - FlipperKit/FlipperKitNetworkPlugin (= 0.99.0)
  - FlipperKit/FlipperKitReactPlugin (= 0.99.0)
  - FlipperKit/FlipperKitUserDefaultsPlugin (= 0.99.0)
  - FlipperKit/SKIOSNetworkPlugin (= 0.99.0)
  - glog (from `../node_modules/react-native/third-party-podspecs/glog.podspec`)
  - OpenSSL-Universal (= 1.1.180)
  - RCT-Folly (from `../node_modules/react-native/third-party-podspecs/RCT-Folly.podspec`)
  - RCT-Folly/Fabric (from `../node_modules/react-native/third-party-podspecs/RCT-Folly.podspec`)
  - RCTRequired (from `../node_modules/react-native/Libraries/RCTRequired`)
  - RCTTypeSafety (from `../node_modules/react-native/Libraries/TypeSafety`)
  - React (from `../node_modules/react-native/`)
  - React-callinvoker (from `../node_modules/react-native/ReactCommon/callinvoker`)
  - React-Codegen (from `build/generated/ios`)
  - React-Core (from `../node_modules/react-native/`)
  - React-Core/DevSupport (from `../node_modules/react-native/`)
  - React-Core/RCTWebSocket (from `../node_modules/react-native/`)
  - React-CoreModules (from `../node_modules/react-native/React/CoreModules`)
  - React-cxxreact (from `../node_modules/react-native/ReactCommon/cxxreact`)
  - React-Fabric (from `../node_modules/react-native/ReactCommon`)
  - React-graphics (from `../node_modules/react-native/ReactCommon/react/renderer/graphics`)
  - React-jsi (from `../node_modules/react-native/ReactCommon/jsi`)
  - React-jsi/Fabric (from `../node_modules/react-native/ReactCommon/jsi`)
  - React-jsiexecutor (from `../node_modules/react-native/ReactCommon/jsiexecutor`)
  - React-jsinspector (from `../node_modules/react-native/ReactCommon/jsinspector`)
  - React-logger (from `../node_modules/react-native/ReactCommon/logger`)
  - React-perflogger (from `../node_modules/react-native/ReactCommon/reactperflogger`)
  - React-RCTActionSheet (from `../node_modules/react-native/Libraries/ActionSheetIOS`)
  - React-RCTAnimation (from `../node_modules/react-native/Libraries/NativeAnimation`)
  - React-RCTBlob (from `../node_modules/react-native/Libraries/Blob`)
  - React-RCTFabric (from `../node_modules/react-native/React`)
  - React-RCTImage (from `../node_modules/react-native/Libraries/Image`)
  - React-RCTLinking (from `../node_modules/react-native/Libraries/LinkingIOS`)
  - React-RCTNetwork (from `../node_modules/react-native/Libraries/Network`)
  - React-RCTSettings (from `../node_modules/react-native/Libraries/Settings`)
  - React-RCTText (from `../node_modules/react-native/Libraries/Text`)
  - React-RCTVibration (from `../node_modules/react-native/Libraries/Vibration`)
  - React-rncore (from `../node_modules/react-native/ReactCommon`)
  - React-runtimeexecutor (from `../node_modules/react-native/ReactCommon/runtimeexecutor`)
  - ReactCommon/turbomodule/core (from `../node_modules/react-native/ReactCommon`)
  - Yoga (from `../node_modules/react-native/ReactCommon/yoga`)

SPEC REPOS:
  trunk:
    - CocoaAsyncSocket
    - Flipper
    - Flipper-Boost-iOSX
    - Flipper-DoubleConversion
    - Flipper-Fmt
    - Flipper-Folly
    - Flipper-Glog
    - Flipper-PeerTalk
    - Flipper-RSocket
    - FlipperKit
    - fmt
    - libevent
    - OpenSSL-Universal
    - YogaKit

EXTERNAL SOURCES:
  boost:
    :podspec: "../node_modules/react-native/third-party-podspecs/boost.podspec"
  DoubleConversion:
    :podspec: "../node_modules/react-native/third-party-podspecs/DoubleConversion.podspec"
  FBLazyVector:
    :path: "../node_modules/react-native/Libraries/FBLazyVector"
  FBReactNativeSpec:
    :path: "../node_modules/react-native/React/FBReactNativeSpec"
  glog:
    :podspec: "../node_modules/react-native/third-party-podspecs/glog.podspec"
  RCT-Folly:
    :podspec: "../node_modules/react-native/third-party-podspecs/RCT-Folly.podspec"
  RCTRequired:
    :path: "../node_modules/react-native/Libraries/RCTRequired"
  RCTTypeSafety:
    :path: "../node_modules/react-native/Libraries/TypeSafety"
  React:
    :path: "../node_modules/react-native/"
  React-callinvoker:
    :path: "../node_modules/react-native/ReactCommon/callinvoker"
  React-Codegen:
    :path: build/generated/ios
  React-Core:
    :path: "../node_modules/react-native/"
  React-CoreModules:
    :path: "../node_modules/react-native/React/CoreModules"
  React-cxxreact:
    :path: "../node_modules/react-native/ReactCommon/cxxreact"
  React-Fabric:
    :path: "../node_modules/react-native/ReactCommon"
  React-graphics:
    :path: "../node_modules/react-native/ReactCommon/react/renderer/graphics"
  React-jsi:
    :path: "../node_modules/react-native/ReactCommon/jsi"
  React-jsiexecutor:
    :path: "../node_modules/react-native/ReactCommon/jsiexecutor"
  React-jsinspector:
    :path: "../node_modules/react-native/ReactCommon/jsinspector"
  React-logger:
    :path: "../node_modules/react-native/ReactCommon/logger"
  React-perflogger:
    :path: "../node_modules/react-native/ReactCommon/reactperflogger"
  React-RCTActionSheet:
    :path: "../node_modules/react-native/Libraries/ActionSheetIOS"
  React-RCTAnimation:
    :path: "../node_modules/react-native/Libraries/NativeAnimation"
  React-RCTBlob:
    :path: "../node_modules/react-native/Libraries/Blob"
  React-RCTFabric:
    :path: "../node_modules/react-native/React"
  React-RCTImage:
    :path: "../node_modules/react-native/Libraries/Image"
  React-RCTLinking:
    :path: "../node_modules/react-native/Libraries/LinkingIOS"
  React-RCTNetwork:
    :path: "../node_modules/react-native/Libraries/Network"
  React-RCTSettings:
    :path: "../node_modules/react-native/Libraries/Settings"
  React-RCTText:
    :path: "../node_modules/react-native/Libraries/Text"
  React-RCTVibration:
    :path: "../node_modules/react-native/Libraries/Vibration"
  React-rncore:
    :path: "../node_modules/react-native/ReactCommon"
  React-runtimeexecutor:
    :path: "../node_modules/react-native/ReactCommon/runtimeexecutor"
  ReactCommon:
    :path: "../node_modules/react-native/ReactCommon"
  Yoga:
    :path: "../node_modules/react-native/ReactCommon/yoga"

SPEC CHECKSUMS:
  boost: a7c83b31436843459a1961bfd74b96033dc77234
  CocoaAsyncSocket: 065fd1e645c7abab64f7a6a2007a48038fdc6a99
  DoubleConversion: 831926d9b8bf8166fd87886c4abab286c2422662
  FBLazyVector: 99a9938471736fffeb3e2e8fa18d27eb3b94a0eb
  FBReactNativeSpec: 9336495bf0020a50cf3ad435560d829dac085383
  Flipper: 30e8eeeed6abdc98edaf32af0cda2f198be4b733
  Flipper-Boost-iOSX: fd1e2b8cbef7e662a122412d7ac5f5bea715403c
  Flipper-DoubleConversion: 57ffbe81ef95306cc9e69c4aa3aeeeeb58a6a28c
  Flipper-Fmt: 60cbdd92fc254826e61d669a5d87ef7015396a9b
  Flipper-Folly: 83af37379faa69497529e414bd43fbfc7cae259a
  Flipper-Glog: 05579840e2750ec907ee2f81544f41ad76a7cae4
  Flipper-PeerTalk: 116d8f857dc6ef55c7a5a75ea3ceaafe878aadc9
  Flipper-RSocket: d9d9ade67cbecf6ac10730304bf5607266dd2541
  FlipperKit: d8d346844eca5d9120c17d441a2f38596e8ed2b9
  fmt: ff9d55029c625d3757ed641535fd4a75fedc7ce9
  glog: c10b67b343303f51715e5c5eedb18a41402f350a
  libevent: 4049cae6c81cdb3654a443be001fb9bdceff7913
  OpenSSL-Universal: 1aa4f6a6ee7256b83db99ec1ccdaa80d10f9af9b
  RCT-Folly: 803a9cfd78114b2ec0f140cfa6fa2a6bafb2d685
  RCTRequired: 363942bb84468c055d253078660115729e49613d
  RCTTypeSafety: 0d88ee9751f10fae1afd006f4681c9e477a37227
  React: d3ca50701eebfe995ce31cd679777b716a7061c1
  React-callinvoker: a0ac9ac667a9bfee6dbfeea287062ead5a9496a5
  React-Codegen: 04333409b2f92f85702b83a5b0a2454737e2dba6
  React-Core: 8e0a7f5e52ecd6cb9582438812bbfb134d63b033
  React-CoreModules: 3c5815734041f8fe4b5c5c08dc444bd26db37126
  React-cxxreact: 126cad5c21d767b940967b0a38df58507a0a94ac
  React-Fabric: abe102d3ff87c6939866e759f0bc81a4d7e3147a
  React-graphics: b58d9ff727228cc8e0de8107f7ed372618e34536
  React-jsi: b4febe57b71eaea378968a009813a4d57d181810
  React-jsiexecutor: de9c4bdf8902bcb4a3a5c323484b30ab5968a6fd
  React-jsinspector: 85af4b78d4441941c1f51baaef3c343847ebd4ea
  React-logger: 1ee12ab36222ee7ebccbfaaab22e980e1d865d53
  React-perflogger: 87ef4931edf5b4e6c0820570e4f9fccf5f247dc0
  React-RCTActionSheet: bb57e75e65efc56e365fb5038921834e1a5031c4
  React-RCTAnimation: 1b3edb2f9b12132a0a61f19776f9955f448053f4
  React-RCTBlob: 869d47753b39c2b9f7b3de5a92952140dbf3f562
  React-RCTFabric: 5554a24d81331127e924a0bbd2024eea81bdc2d3
  React-RCTImage: c556c890d394e9095732f3d32c80dfc1e4113c16
  React-RCTLinking: eab2e583239f5beb561c74ff077b01ba948fb288
  React-RCTNetwork: 4c6fb06fd7c6685b106512e7eddf96a06bb7480f
  React-RCTSettings: 71d27d4f88b789c338151dac717dcf8553813393
  React-RCTText: b675007d16edb842aa27c0228cb47cdfd43cc9cd
  React-RCTVibration: 935ce0d97ffe424ba6337d6e1ffb90bac7aead98
  React-rncore: 4f3dd368784a68b4c8f429c34ca21379702b90a4
  React-runtimeexecutor: a91dd31a1039c7148d5d41ebc2a666e96d2156a8
  ReactCommon: b5990ad4c02f74fd1d9e54fa7a5bf9f547a354e5
  Yoga: 2106c1319496ecb91c5627b1837c2181404b5392
  YogaKit: f782866e155069a2cca2517aafea43200b01fd5a

PODFILE CHECKSUM: e347dcfb7168b36c7b334d06913b30f5083984ec

COCOAPODS: 1.11.2
